{
  "name": "Test",
  "lockfileVersion": 3,
  "requires": true,
  "packages": {
    "": {
      "dependencies": {
        "@fjrodafo/colors": "^0.0.2"
      }
    },
    "node_modules/@fjrodafo/colors": {
      "version": "0.0.2",
      "resolved": "https://registry.npmjs.org/@fjrodafo/colors/-/colors-0.0.2.tgz",
      "integrity": "sha512-oeoFgL8izdfdBmk9oixz4OcslnLbsRPzpL4ATtxlB/rT+mdCDgKTw6IyZJ0XXEuorrWLSiOB/iS5qiIhPyIhtA=="
    }
  }
}
