{
  "name": "Test",
  "lockfileVersion": 3,
  "requires": true,
  "packages": {
    "": {
      "dependencies": {
        "@fjrodafo/colors": "^0.0.1"
      }
    },
    "node_modules/@fjrodafo/colors": {
      "version": "0.0.1",
      "resolved": "https://registry.npmjs.org/@fjrodafo/colors/-/colors-0.0.1.tgz",
      "integrity": "sha512-YIqU5Tt0QLTkLn7pIX/QFpfC+RI8LbS1VcuQGG5qvbOuS8jCvY91CshMfHH0LcRJISZHsm9tJhnLZw/nvaJavg=="
    }
  }
}
