{
  "name": "Testing",
  "lockfileVersion": 3,
  "requires": true,
  "packages": {
    "": {
      "dependencies": {
        "@fjrodafo/colors": "^0.0.5"
      }
    },
    "node_modules/@fjrodafo/colors": {
      "version": "0.0.5",
      "resolved": "https://registry.npmjs.org/@fjrodafo/colors/-/colors-0.0.5.tgz",
      "integrity": "sha512-en3FTqZpRKaHVxzaPGKfFVjh/qiYP1gUjBgEBg4Up9JmLrVjZ73VbCTSL8dznoGLeCL6JFUuWs6rdiDyBtHHlA=="
    }
  }
}
