{
  "name": "Testing",
  "lockfileVersion": 3,
  "requires": true,
  "packages": {
    "": {
      "dependencies": {
        "@fjrodafo/colors": "^0.0.4"
      }
    },
    "node_modules/@fjrodafo/colors": {
      "version": "0.0.4",
      "resolved": "https://registry.npmjs.org/@fjrodafo/colors/-/colors-0.0.4.tgz",
      "integrity": "sha512-StxGoUZlOxpidSQCFZdSmVh9s72CjnHHosaOqRkKgMegF9n5ZCHuhOBDiT/SEb/GwToDEa7WYaSNJ5cIHul+AA=="
    }
  }
}
